{
  "name": "ejections-data-server",
  "version": "1.0.0",
  "lockfileVersion": 1,
  "requires": true,
  "dependencies": {
    "@types/body-parser": {
      "version": "1.17.0",
      "resolved": "http://nexus.app.iaf:8081/nexus/repository/onpm/@types/body-parser/-/body-parser-1.17.0.tgz",
      "integrity": "sha512-teINKSZ2CRb7aoivD+BN3C8RByB/163Z+klpHxnl5Q+Vz0yHLHGiRqBzc5ZOk7aF9SQxOBG86gAyX4EjIFqLcw==",
      "dev": true,
      "requires": {
        "@types/connect": "*",
        "@types/node": "*"
      }
    },
    "@types/connect": {
      "version": "3.4.32",
      "resolved": "http://nexus.app.iaf:8081/nexus/repository/onpm/@types/connect/-/connect-3.4.32.tgz",
      "integrity": "sha512-BBkXOAagVlHp6HSP7gfoDFuSF2uBMKaI0uG3PSWSH1eFxPman0tkrk00b8OxDGmdmyV1VNagEExZwq+TkGOsvw==",
      "dev": true,
      "requires": {
        "@types/node": "*"
      }
    },
    "@types/express": {
      "version": "4.17.0",
      "resolved": "http://nexus.app.iaf:8081/nexus/repository/onpm/@types/express/-/express-4.17.0.tgz",
      "integrity": "sha512-zwWZkXSxzL7A00z8QhP9NHp31jtTsl9ECIM0/6mDU4icX+lp30ZlSeskBxgcxu2oajEAMu2ML+9+F4DsXVtanA==",
      "dev": true,
      "requires": {
        "@types/body-parser": "*",
        "@types/express-serve-static-core": "*",
        "@types/serve-static": "*"
      }
    },
    "@types/express-serve-static-core": {
      "version": "4.16.7",
      "resolved": "http://nexus.app.iaf:8081/nexus/repository/onpm/@types/express-serve-static-core/-/express-serve-static-core-4.16.7.tgz",
      "integrity": "sha512-ETTEqEjA8ST+2t9KpytDP3sS+tgiv/joZor/eJiRFkBEEjuBrIerUZ25gaBbe6WRzgnZY1K2EYCZcwL1/KjyeA==",
      "dev": true,
      "requires": {
        "@types/node": "*",
        "@types/range-parser": "*"
      }
    },
    "@types/mime": {
      "version": "2.0.1",
      "resolved": "http://nexus.app.iaf:8081/nexus/repository/onpm/@types/mime/-/mime-2.0.1.tgz",
      "integrity": "sha512-cCJ4Ld+2mceYrMWGBeimW/L7+EVcT1XnsBIB/ww8x1Hy6AyoVOPwFOVrgxGY0bJYZtlxMp96aZOV+VxAEJbxTQ==",
      "dev": true
    },
    "@types/node": {
      "version": "12.6.8",
      "resolved": "http://nexus.app.iaf:8081/nexus/repository/onpm/@types/node/-/node-12.6.8.tgz",
      "integrity": "sha512-ErsmDjCUyybt5wb3JIJQYx4nCy939qQl43j4G3g/EPKFsmwzQGfGOzvZokt4K9OCJe9vYI+v+ECFOhDPsbb3XA==",
      "dev": true
    },
    "@types/range-parser": {
      "version": "1.2.3",
      "resolved": "http://nexus.app.iaf:8081/nexus/repository/onpm/@types/range-parser/-/range-parser-1.2.3.tgz",
      "integrity": "sha512-6UPPDcEgbK317KSsnwh56WihqUNzaAzdyGaxQoSrm2BJpWNMnQi45FYAZoMDlw7xcggW39+F6fzUtUwuBmlXbw==",
      "dev": true
    },
    "@types/serve-static": {
      "version": "1.13.2",
      "resolved": "http://nexus.app.iaf:8081/nexus/repository/onpm/@types/serve-static/-/serve-static-1.13.2.tgz",
      "integrity": "sha512-IDwaEPtVlrdbntVs5N8oFuIvJfN/Zxf8mDdSJU1N2cs2ZmktlBmkVJEF+nROiUhWQ5Zc+BxyQPexyhbBdf8o0w==",
      "dev": true,
      "requires": {
        "@types/express-serve-static-core": "*",
        "@types/mime": "*"
      }
    },
    "accepts": {
      "version": "1.3.7",
      "resolved": "http://nexus.app.iaf:8081/nexus/repository/onpm/accepts/-/accepts-1.3.7.tgz",
      "integrity": "sha512-VvRyH5601mtj6tnBg32JVTJY+iW3hQYM6ZgR4VpS+sMisKLkzPhZ4CKCwIqOjDHmJ2FwRLgxp4MXvSyDCU0miQ==",
      "requires": {
        "mime-types": "~2.1.24",
        "negotiator": "0.6.2"
      }
    },
    "arg": {
      "version": "4.1.1",
      "resolved": "http://nexus.app.iaf:8081/nexus/repository/onpm/arg/-/arg-4.1.1.tgz",
      "integrity": "sha512-QTGJWK3V1wN4HCJNsgUyDCjRbbY5FbllA9lCzD2JNe99aqzlDDpwE7/g+1yzyZ6+61t+TZs8Ny3JFtmSnGUmaA=="
    },
    "array-flatten": {
      "version": "1.1.1",
      "resolved": "http://nexus.app.iaf:8081/nexus/repository/onpm/array-flatten/-/array-flatten-1.1.1.tgz",
      "integrity": "sha512-0Cap9iqUOtkT5yxAWMrh1JZWewnk4mZx72+gbvyxbrELHZTNq9gIrjTnOjgiTt/5nC6/pYmfSqvnEDIU473sgA=="
    },
    "body-parser": {
      "version": "1.19.0",
      "resolved": "http://nexus.app.iaf:8081/nexus/repository/onpm/body-parser/-/body-parser-1.19.0.tgz",
      "integrity": "sha512-iWlhQabnMZwpicPXYRromIdwwh0bBb/LsPh7dvwp6b4QYjmgrftYHLwwc5dSfRD5nmLqFOHCeuV5vo2gEjwJUQ==",
      "requires": {
        "bytes": "3.1.0",
        "content-type": "~1.0.4",
        "debug": "2.6.9",
        "depd": "~1.1.2",
        "http-errors": "1.7.2",
        "iconv-lite": "0.4.24",
        "on-finished": "~2.3.0",
        "qs": "6.7.0",
        "raw-body": "2.4.0",
        "type-is": "~1.6.17"
      }
    },
    "buffer-from": {
      "version": "1.1.1",
      "resolved": "http://nexus.app.iaf:8081/nexus/repository/onpm/buffer-from/-/buffer-from-1.1.1.tgz",
      "integrity": "sha512-8zI1l36ydCIQavzbx3FLfYKeckVLwGO4C0hblbht4EQU2bgPvCSwIXmHoCUSgEzGaawu2eQgZ83EvVg4b5Lbzw=="
    },
    "bytes": {
      "version": "3.1.0",
      "resolved": "http://nexus.app.iaf:8081/nexus/repository/onpm/bytes/-/bytes-3.1.0.tgz",
      "integrity": "sha512-zrctQWCQLRrhyhrNwt/6BcbcDIgwF0HeW4cDr0bEqgQeZ6rEorLfQRX/B3Q7aA0ejMuWx84AC5H+1y+es4jqVg=="
    },
    "content-disposition": {
      "version": "0.5.3",
      "resolved": "http://nexus.app.iaf:8081/nexus/repository/onpm/content-disposition/-/content-disposition-0.5.3.tgz",
      "integrity": "sha512-H0trYjxOD9pTu36Z7jVLmQ3PzBMs94384fLiE61v5tNhsTWIUQd7dqYUBFUV4/Y+R+UgO3p7g5+POLo2oLEWZA==",
      "requires": {
        "safe-buffer": "5.1.2"
      }
    },
    "content-type": {
      "version": "1.0.4",
      "resolved": "http://nexus.app.iaf:8081/nexus/repository/onpm/content-type/-/content-type-1.0.4.tgz",
      "integrity": "sha512-F9RIi1eAKEH2FB8STcuT9VA9tyo3YBClncUF3XQ4u3037nAtvUs6IUPq7vQAG/exO8qN15xqJIHcCKxpE6jSRA=="
    },
    "cookie": {
      "version": "0.4.0",
      "resolved": "http://nexus.app.iaf:8081/nexus/repository/onpm/cookie/-/cookie-0.4.0.tgz",
      "integrity": "sha512-I7y/lhDTbBswUslulETnoxK00Z4KN50EYRE+qP9+kg49UO8E1b9fOUXkIwltX0F2x48z8uV/W+T3O418KZFPhg=="
    },
    "cookie-signature": {
      "version": "1.0.6",
      "resolved": "http://nexus.app.iaf:8081/nexus/repository/onpm/cookie-signature/-/cookie-signature-1.0.6.tgz",
      "integrity": "sha512-e5ePuzOBc3hNPHOV70pkNFmeSHPnodvVjOKaKUX1zS2CJHouBubUERLEzgx2NkV9dtQfv9HYEzEylKfR7SGUJA=="
    },
    "debug": {
      "version": "2.6.9",
      "resolved": "http://nexus.app.iaf:8081/nexus/repository/onpm/debug/-/debug-2.6.9.tgz",
      "integrity": "sha512-6pg5RgHtaKJY5coJMrM2ecKGVuGTqQLBGS7RSliO7jNQ/g65mxO7FY7MGCEoI6a5ZFOmq/BfusukSdhANSyrQg==",
      "requires": {
        "ms": "2.0.0"
      }
    },
    "depd": {
      "version": "1.1.2",
      "resolved": "http://nexus.app.iaf:8081/nexus/repository/onpm/depd/-/depd-1.1.2.tgz",
      "integrity": "sha512-zTLAu0vwcYyd+8WwsfkVF/4gC3gbs83p2rQTtbbcpCKvw3eGkcXE+Q/+bXc/H6kD3oJMOJkw1R3rleC7RZjt7g=="
    },
    "destroy": {
      "version": "1.0.4",
      "resolved": "http://nexus.app.iaf:8081/nexus/repository/onpm/destroy/-/destroy-1.0.4.tgz",
      "integrity": "sha512-sbO31zmYEsS3ZU7MrqvvrHZPHUvesQFGcI2VJPudSN5SL134oHcNGQxcSE1iAvKZ9uhCIvGI8ia+2hu5ozsTdQ=="
    },
    "diff": {
      "version": "4.0.1",
      "resolved": "http://nexus.app.iaf:8081/nexus/repository/onpm/diff/-/diff-4.0.1.tgz",
      "integrity": "sha512-s2+XdvhPCOF01LRQBC8hf4vhbVmI2CGS5aZnxLJlT5FtdhPCDFq80q++zK2KlrVorVDdL5BOGZ/VfLrVtYNF+Q=="
    },
    "ee-first": {
      "version": "1.1.1",
      "resolved": "http://nexus.app.iaf:8081/nexus/repository/onpm/ee-first/-/ee-first-1.1.1.tgz",
      "integrity": "sha512-pMLOFndGtqNEQ60GDntExnJP75GLQHvAHLjXy2iPoLNV1exCjg0O+CH+KK3L9JNeMis/dvSz9Cfm88osF2lTLw=="
    },
    "encodeurl": {
      "version": "1.0.2",
      "resolved": "http://nexus.app.iaf:8081/nexus/repository/onpm/encodeurl/-/encodeurl-1.0.2.tgz",
      "integrity": "sha512-soAC/nqzwQTB/mu2CH4fqkXwCE2PZTrGsjIBMOPH/v3pia260EBJP8j4T9veRtFgy/e8RKHUEGRFiYqitPqiuQ=="
    },
    "escape-html": {
      "version": "1.0.3",
      "resolved": "http://nexus.app.iaf:8081/nexus/repository/onpm/escape-html/-/escape-html-1.0.3.tgz",
      "integrity": "sha512-4tY9odiFI/YNOV9chuj7hYZ9v5OwhnMTIX8PMT8kLIdPeu70IMDgOKI2NE7LazsyGok/nZqU5hhsBS7eCI8gQQ=="
    },
    "etag": {
      "version": "1.8.1",
      "resolved": "http://nexus.app.iaf:8081/nexus/repository/onpm/etag/-/etag-1.8.1.tgz",
      "integrity": "sha512-yE4WrDHknQ/g7xtxgCGFs3f5OLcC9fdXwOoV9yXiQYz/7ELnketczL46TniMx+V0YstyeL34f6UAqwJLBhTTyw=="
    },
    "express": {
      "version": "4.17.1",
      "resolved": "http://nexus.app.iaf:8081/nexus/repository/onpm/express/-/express-4.17.1.tgz",
      "integrity": "sha512-IRrju2Uv01tnn9NXLGw0KxBVspFRSMlzbrqG+oKtwbXwkZr6GZhsfEa/cQkLwRqkFl7MsahcVJbJQAgNPNt8Ow==",
      "requires": {
        "accepts": "~1.3.7",
        "array-flatten": "1.1.1",
        "body-parser": "1.19.0",
        "content-disposition": "0.5.3",
        "content-type": "~1.0.4",
        "cookie": "0.4.0",
        "cookie-signature": "1.0.6",
        "debug": "2.6.9",
        "depd": "~1.1.2",
        "encodeurl": "~1.0.2",
        "escape-html": "~1.0.3",
        "etag": "~1.8.1",
        "finalhandler": "~1.1.2",
        "fresh": "0.5.2",
        "merge-descriptors": "1.0.1",
        "methods": "~1.1.2",
        "on-finished": "~2.3.0",
        "parseurl": "~1.3.3",
        "path-to-regexp": "0.1.7",
        "proxy-addr": "~2.0.5",
        "qs": "6.7.0",
        "range-parser": "~1.2.1",
        "safe-buffer": "5.1.2",
        "send": "0.17.1",
        "serve-static": "1.14.1",
        "setprototypeof": "1.1.1",
        "statuses": "~1.5.0",
        "type-is": "~1.6.18",
        "utils-merge": "1.0.1",
        "vary": "~1.1.2"
      }
    },
    "finalhandler": {
      "version": "1.1.2",
      "resolved": "http://nexus.app.iaf:8081/nexus/repository/onpm/finalhandler/-/finalhandler-1.1.2.tgz",
      "integrity": "sha512-Ek4Yr8t7STfJui8h98E6ZO3vup66oQlSyM5xFyNTquJN8BOWiJwUJ/Wa1QJCpARvmuGq+a7A2GfRjdjyAcHL8w==",
      "requires": {
        "debug": "2.6.9",
        "encodeurl": "~1.0.2",
        "escape-html": "~1.0.3",
        "on-finished": "~2.3.0",
        "parseurl": "~1.3.3",
        "statuses": "~1.5.0",
        "unpipe": "~1.0.0"
      }
    },
    "forwarded": {
      "version": "0.1.2",
      "resolved": "http://nexus.app.iaf:8081/nexus/repository/onpm/forwarded/-/forwarded-0.1.2.tgz",
      "integrity": "sha512-Hfjhoc8Pt4JbB06ZQuOz2kl/JtrtcFegx1zFZmdWHxQx1nDmHcX/wgwMT+vEKAHRzlWUbpLZvL56l10QLKpcvw=="
    },
    "fresh": {
      "version": "0.5.2",
      "resolved": "http://nexus.app.iaf:8081/nexus/repository/onpm/fresh/-/fresh-0.5.2.tgz",
      "integrity": "sha512-A2/c/OX55FspX9ubpwIVIuschCtY2piCmBgy+AfI/DQUTuKGNQRsWkg8JbDlgHroF9xxJv1NOHiPKgmom1HgHA=="
    },
    "http-errors": {
      "version": "1.7.2",
      "resolved": "http://nexus.app.iaf:8081/nexus/repository/onpm/http-errors/-/http-errors-1.7.2.tgz",
      "integrity": "sha512-jspoYWmTMIeK8hJPP/khdi+sAlRO2qrdlt6YB+H2mbU3HvrEwVAM8k7ihaZqrp8jUH2daIcX9+PlWM++05dr+A==",
      "requires": {
        "depd": "~1.1.2",
        "inherits": "2.0.3",
        "setprototypeof": "1.1.1",
        "statuses": ">= 1.5.0 < 2",
        "toidentifier": "1.0.0"
      }
    },
    "iconv-lite": {
      "version": "0.4.24",
      "resolved": "http://nexus.app.iaf:8081/nexus/repository/onpm/iconv-lite/-/iconv-lite-0.4.24.tgz",
      "integrity": "sha512-pfkOH6gZw/D1rCd8FGbZnwpQ9QSAxYNLbom7PIt13Cdi5vJz1r4FkB6SjmQsM+fYDCeAPXWktLTjBU6bF2MibQ==",
      "requires": {
        "safer-buffer": ">= 2.1.2 < 3"
      }
    },
    "inherits": {
      "version": "2.0.3",
      "resolved": "http://nexus.app.iaf:8081/nexus/repository/onpm/inherits/-/inherits-2.0.3.tgz",
      "integrity": "sha512-azBqffKnFDafNkn/BSn7jMAyh3GjFimbVjjW73K+rniNM8H2QagaSiBhGUzUgbP5OOstaWkrPvhLpXj4GCyhXw=="
    },
    "ipaddr.js": {
      "version": "1.9.0",
      "resolved": "http://nexus.app.iaf:8081/nexus/repository/onpm/ipaddr.js/-/ipaddr.js-1.9.0.tgz",
      "integrity": "sha512-myJv6V/Rv7Re+Nq1ckyYfD74hvQo1mNzvzz9o5lupOceWR+Egli61dMX8SsgA1GcQ3og5wuXNWVKpYWxwYsS3Q=="
    },
    "make-error": {
      "version": "1.3.5",
      "resolved": "http://nexus.app.iaf:8081/nexus/repository/onpm/make-error/-/make-error-1.3.5.tgz",
      "integrity": "sha512-ICDpNsS1NxYjdXX2rRU2pC2cxsr7GHAXfelOCVfbe+7ygmwYuJeQNSbRF4rGHfPYoXT7XcDoNDl2cmiyDDSiGw=="
    },
    "media-typer": {
      "version": "0.3.0",
      "resolved": "http://nexus.app.iaf:8081/nexus/repository/onpm/media-typer/-/media-typer-0.3.0.tgz",
      "integrity": "sha512-t4xdT3NJyZgtoNBv4peMaAA+CmcHsUqnH04veFeSWPtJu3hQ8OLs9Or0UFkvdyXIAyEnqx7Mr7NETN9tiEJ5pg=="
    },
    "merge-descriptors": {
      "version": "1.0.1",
      "resolved": "http://nexus.app.iaf:8081/nexus/repository/onpm/merge-descriptors/-/merge-descriptors-1.0.1.tgz",
      "integrity": "sha512-QmoRu61YEp7oU7Y9epAIX8Wtp7Hs+WMaErJxnJp4032G69ln/HYp95yqFYRJpodyBEh9a+o1a5Ou3Wn8sHAlOg=="
    },
    "methods": {
      "version": "1.1.2",
      "resolved": "http://nexus.app.iaf:8081/nexus/repository/onpm/methods/-/methods-1.1.2.tgz",
      "integrity": "sha512-FPspJNB1BnT/7MN9J9GB4rilGpv8AnHs3eTpPzl4OuXvgtw0oNEuj3seJ/Bc3tQxaIwAhmbIMn0m2XfIDAa5lg=="
    },
    "mime": {
      "version": "1.6.0",
      "resolved": "http://nexus.app.iaf:8081/nexus/repository/onpm/mime/-/mime-1.6.0.tgz",
      "integrity": "sha512-x0Vn8spI+wuJ1O6S7gnbaQg8Pxh4NNHb7KSINmEWKiPE4RKOplvijn+NkmYmmRgP68mc70j2EbeTFRsrswaQeg=="
    },
    "mime-db": {
      "version": "1.40.0",
      "resolved": "http://nexus.app.iaf:8081/nexus/repository/onpm/mime-db/-/mime-db-1.40.0.tgz",
      "integrity": "sha512-DB6c4RsVid44jRUJUDwULa/72VNxv7g7x2nZxnoxZt/43261hsUox4vpJZnp/zczkr0Ddp2Z7EQllgKkpvnO7w=="
    },
    "mime-types": {
      "version": "2.1.24",
      "resolved": "http://nexus.app.iaf:8081/nexus/repository/onpm/mime-types/-/mime-types-2.1.24.tgz",
      "integrity": "sha512-wZz8qgzDXnBoL+OI9UgZtYeSFgAngmQo5nD+UXRH9e114SNjXJQvHZ8x9uiuGSX3Q+18BZeob1CDk8v/LlbSbQ==",
      "requires": {
        "mime-db": "1.40.0"
      }
    },
    "ms": {
      "version": "2.0.0",
      "resolved": "http://nexus.app.iaf:8081/nexus/repository/onpm/ms/-/ms-2.0.0.tgz",
      "integrity": "sha512-OCdYv1OA/7HFsFepQtSNKFguY/EdYVmzTirgu1rXjTZH9HsdUozQUGPHNg2tfWnyhfg5PKfWSk5e46Wm0QeWBg=="
    },
    "negotiator": {
      "version": "0.6.2",
      "resolved": "http://nexus.app.iaf:8081/nexus/repository/onpm/negotiator/-/negotiator-0.6.2.tgz",
      "integrity": "sha512-5kjS9c4hoFVDzRyECCXWw37m+zEliDwslIqRnIrWzXIHcKdTX+/OBQbYnMuzZ2g1buevZVwPsE+wGK+75I6MQQ=="
    },
    "on-finished": {
      "version": "2.3.0",
      "resolved": "http://nexus.app.iaf:8081/nexus/repository/onpm/on-finished/-/on-finished-2.3.0.tgz",
      "integrity": "sha512-DXYpR/ly1CqojkT3qHyqdzByPZpdD9uJNXFAzHVhHpweKwFzd30rvip4kBLHFwqW7d9or5bwSHJI3G1n5di8mg==",
      "requires": {
        "ee-first": "1.1.1"
      }
    },
    "parseurl": {
      "version": "1.3.3",
      "resolved": "http://nexus.app.iaf:8081/nexus/repository/onpm/parseurl/-/parseurl-1.3.3.tgz",
      "integrity": "sha512-d4ksoM2xb3yuHa7g9tQe3P9iqxXVQWO+zDVenN1VmOOUVewRKrm6E2F/ETM5Kky6mLLnldFLMYItuxBHmCMCTw=="
    },
    "path-to-regexp": {
      "version": "0.1.7",
      "resolved": "http://nexus.app.iaf:8081/nexus/repository/onpm/path-to-regexp/-/path-to-regexp-0.1.7.tgz",
      "integrity": "sha512-L9ft7bMw/Ia3IwHWEkwmeMVdSzKsv2kp2ss0oUbk591vYrBQvrBiqznBJAmZEHDllscG9IIGQF9rVyp3XBTPIQ=="
    },
    "proxy-addr": {
      "version": "2.0.5",
      "resolved": "http://nexus.app.iaf:8081/nexus/repository/onpm/proxy-addr/-/proxy-addr-2.0.5.tgz",
      "integrity": "sha512-TY2qe2i44npKuNUNcyTzQUAkQRk2nclcOC6eAVs4CxShh10j8Jpaijt8p4rCsvARx0Xw3aeLBe++/qlv+LjDvg==",
      "requires": {
        "forwarded": "~0.1.2",
        "ipaddr.js": "1.9.0"
      }
    },
    "qs": {
      "version": "6.7.0",
      "resolved": "http://nexus.app.iaf:8081/nexus/repository/onpm/qs/-/qs-6.7.0.tgz",
      "integrity": "sha512-nDHxoT5RBEC3LPnrhv516Ond37H/3xBoT9BoBmkwVfeQcG8b00qnJkxuuKX/9Xzk9qxqUnTDoblWWhxPi8eNMw=="
    },
    "range-parser": {
      "version": "1.2.1",
      "resolved": "http://nexus.app.iaf:8081/nexus/repository/onpm/range-parser/-/range-parser-1.2.1.tgz",
      "integrity": "sha512-A+T96Al4V4fGkjvUA/lrBe4ngb1YdVHH3488DCaTlS0AVcwhBzWVFARjlpd3mF7O7w6KzggRZqjvzfLsJ04WaA=="
    },
    "raw-body": {
      "version": "2.4.0",
      "resolved": "http://nexus.app.iaf:8081/nexus/repository/onpm/raw-body/-/raw-body-2.4.0.tgz",
      "integrity": "sha512-dtlvoNuBJIGX9NK2Vwz/iDUcIS0O3BRzysuAs/zMT6DgxSlqmSgcyK6L4dcrk4OCH2jUTNP/YGjt7NZ73eI0+g==",
      "requires": {
        "bytes": "3.1.0",
        "http-errors": "1.7.2",
        "iconv-lite": "0.4.24",
        "unpipe": "1.0.0"
      }
    },
    "safe-buffer": {
      "version": "5.1.2",
      "resolved": "http://nexus.app.iaf:8081/nexus/repository/onpm/safe-buffer/-/safe-buffer-5.1.2.tgz",
      "integrity": "sha512-/nOfa4eyt6TSfbfrPR5Sy5MgWi0A62cC8R43rJRgEm+ZRNlXezIsSwLf6Os8BewNgRR2fxoWKxXpmDBQ6PYB2w=="
    },
    "safer-buffer": {
      "version": "2.1.2",
      "resolved": "http://nexus.app.iaf:8081/nexus/repository/onpm/safer-buffer/-/safer-buffer-2.1.2.tgz",
      "integrity": "sha512-ubZa/6cw5f/12KTay0E81ghHuDVniw+yjXJg/HYa6lNONLop5z7jC1RbogtvsdMHm+Z27VE9DDcg464RYKJmnw=="
    },
    "send": {
      "version": "0.17.1",
      "resolved": "http://nexus.app.iaf:8081/nexus/repository/onpm/send/-/send-0.17.1.tgz",
      "integrity": "sha512-DXCgaWfbNaPUdELnUa23psWPNCbpTAbBJDoxza931u9MsN/ZwlX55ThcXZ7JhJH3W5cFnuCO5wu7p7OCz2j7mA==",
      "requires": {
        "debug": "2.6.9",
        "depd": "~1.1.2",
        "destroy": "~1.0.4",
        "encodeurl": "~1.0.2",
        "escape-html": "~1.0.3",
        "etag": "~1.8.1",
        "fresh": "0.5.2",
        "http-errors": "~1.7.2",
        "mime": "1.6.0",
        "ms": "2.1.1",
        "on-finished": "~2.3.0",
        "range-parser": "~1.2.1",
        "statuses": "~1.5.0"
      },
      "dependencies": {
        "ms": {
          "version": "2.1.1",
          "resolved": "http://nexus.app.iaf:8081/nexus/repository/onpm/ms/-/ms-2.1.1.tgz",
          "integrity": "sha512-gChwiwjVZGbn+sR2PFIZL5XANKf9pGNNyZAPZaxKKGWEP8UwFuruBjXmlcleFpBlJ192LoAuhj5FKRFKHGcjDw=="
        }
      }
    },
    "serve-static": {
      "version": "1.14.1",
      "resolved": "http://nexus.app.iaf:8081/nexus/repository/onpm/serve-static/-/serve-static-1.14.1.tgz",
      "integrity": "sha512-wf8n7Xh1hIvCMgp57I4BQPVPVAEnkv7it8wssP4FXAyns6C7Om85WEG3P7BhOzWgnpZCuqwJoldXpXW33+Q+dA==",
      "requires": {
        "encodeurl": "~1.0.2",
        "escape-html": "~1.0.3",
        "parseurl": "~1.3.3",
        "send": "0.17.1"
      }
    },
    "setprototypeof": {
      "version": "1.1.1",
      "resolved": "http://nexus.app.iaf:8081/nexus/repository/onpm/setprototypeof/-/setprototypeof-1.1.1.tgz",
      "integrity": "sha512-XwacxMlRjiZKKeaaaIDb/gqBmzoOgM97MZDAclzUstjvw6AaidjPTkWL97z4i78DBupirVadAdm3zs27Mt72EQ=="
    },
    "source-map": {
      "version": "0.6.1",
      "resolved": "http://nexus.app.iaf:8081/nexus/repository/onpm/source-map/-/source-map-0.6.1.tgz",
      "integrity": "sha512-cDPCrsgGyHVwGA56IpFdWiQH7P8I5lzkc+JHqlkmOeZKBrimfnls1wxuWSxSKuvtXFfdH85sDfoRkSx6cnzH3g=="
    },
    "source-map-support": {
      "version": "0.5.13",
      "resolved": "http://nexus.app.iaf:8081/nexus/repository/onpm/source-map-support/-/source-map-support-0.5.13.tgz",
      "integrity": "sha512-zhnbfwIQcZOyW78TPHIVTq4cMQFDTCdJ8RcdzcA/VeN+aHhFhW0cyy52yis8rIM/gOLES9yl9EK4UlkrGwk7Iw==",
      "requires": {
        "buffer-from": "^1.0.0",
        "source-map": "^0.6.0"
      }
    },
    "statuses": {
      "version": "1.5.0",
      "resolved": "http://nexus.app.iaf:8081/nexus/repository/onpm/statuses/-/statuses-1.5.0.tgz",
      "integrity": "sha512-NvVaN9E334w9EU9J1KuVp5pSLSTypJU6V5Tq955HpkmTarxP6dUlPMWMiO6U1vTRNtcn5vHyESlFJNkqjbI2Fg=="
    },
    "toidentifier": {
      "version": "1.0.0",
      "resolved": "http://nexus.app.iaf:8081/nexus/repository/onpm/toidentifier/-/toidentifier-1.0.0.tgz",
      "integrity": "sha512-u/aqhxlL/+ZVN+/dli37wN1IgK12xxFB+NG0nv1Rws5bv+3BftwH8NKOQLqeODuEbXkxCvEQdfGPnrXrW3E4aQ=="
    },
    "ts-node": {
      "version": "8.3.0",
      "resolved": "http://nexus.app.iaf:8081/nexus/repository/onpm/ts-node/-/ts-node-8.3.0.tgz",
      "integrity": "sha512-uCgd+/kXpmXMSkfhGBxAC0YJqJLSPxF2USA9jmJC6RLlww8D0Yo32/kQLOmo560fTMh3gNJXVHzYcUaTpDwKvA==",
      "requires": {
        "arg": "^4.1.0",
        "diff": "^4.0.1",
        "make-error": "^1.1.1",
        "source-map-support": "^0.5.6",
        "yn": "^3.0.0"
      }
    },
    "type-is": {
      "version": "1.6.18",
      "resolved": "http://nexus.app.iaf:8081/nexus/repository/onpm/type-is/-/type-is-1.6.18.tgz",
      "integrity": "sha512-vDVCMrUmtvboJLcQwN6y8cbQqohm8vpr2DM3SCUFjotFwW1h/CK2sFy+4yYskuvzPJKjTxivt9qYR6rdWf5xCQ==",
      "requires": {
        "media-typer": "0.3.0",
        "mime-types": "~2.1.24"
      }
    },
    "typescript": {
      "version": "3.5.3",
      "resolved": "http://nexus.app.iaf:8081/nexus/repository/onpm/typescript/-/typescript-3.5.3.tgz",
      "integrity": "sha512-Nw9Cmwl5OBsz5Opy7N7P0NoJJgOnogJLCFn3KryrlWLAUhl6Q8TAEAxoH0ijANvuuyx6ViYMiSzIPkkk3eDkdA=="
    },
    "unpipe": {
      "version": "1.0.0",
      "resolved": "http://nexus.app.iaf:8081/nexus/repository/onpm/unpipe/-/unpipe-1.0.0.tgz",
      "integrity": "sha512-vWU55IOD1WY/Yz4hAiJpnmNPAZFfc3Qhcs+tgR+cl7er299eAILIs4/m+pZtXhjS0uLqSRMDSvFpCAwcFHfXVg=="
    },
    "utils-merge": {
      "version": "1.0.1",
      "resolved": "http://nexus.app.iaf:8081/nexus/repository/onpm/utils-merge/-/utils-merge-1.0.1.tgz",
      "integrity": "sha512-LH5/bMiQv7I3mqrythkbGz1E2etaymhqX52vAp96UNbRu7MzJ4BjZSDZs9xW12t0oIhYVVY4ebsTFKcj6pWtJQ=="
    },
    "vary": {
      "version": "1.1.2",
      "resolved": "http://nexus.app.iaf:8081/nexus/repository/onpm/vary/-/vary-1.1.2.tgz",
      "integrity": "sha512-UrzpExbJLirAlLdkjaM8EITxy2BCdy7CwkqZXLFZfyF67/O77y1Cy4zXZvqOXGYf5KxtJcDgZ6H0FCKqaTjLZw=="
    },
    "yn": {
      "version": "3.1.0",
      "resolved": "http://nexus.app.iaf:8081/nexus/repository/onpm/yn/-/yn-3.1.0.tgz",
      "integrity": "sha512-jGqIhnWMI4yjRll/vYbe5YdRynnmD7jyfvJJqA4CRaNms7T9X3eQYJeW0MCzUhxgQk9optm3M9BCZ8i8x6iJGw=="
    }
  }
}
